{
  "object": {
    "pins": [
      {
        "package": "BigInt",
        "repositoryURL": "https://github.com/attaswift/BigInt",
        "state": {
          "branch": "master",
          "revision": "114862bdaca21974d9587ec41421fb23b302c309",
          "version": null
        }
      },
      {
        "package": "BTree",
        "repositoryURL": "https://github.com/zwaldowski/BTree",
        "state": {
          "branch": "zwaldowski/swift-5.0",
          "revision": "8beb7beafa51bf3c995c31807ed0df0161d89b22",
          "version": null
        }
      },
      {
        "package": "GlueKit",
        "repositoryURL": "https://github.com/zwaldowski/GlueKit",
        "state": {
          "branch": "zwaldowski/swift-5.0",
          "revision": "28055e815ec903cc503315ec4febe69919282a0f",
          "version": null
        }
      },
      {
        "package": "OptionParser",
        "repositoryURL": "https://github.com/attaswift/OptionParser",
        "state": {
          "branch": null,
          "revision": "049f1e2b9d4550c25d99c54e17a045149e723afb",
          "version": "1.0.0"
        }
      }
    ]
  },
  "version": 1
}
